// !$*UTF8*$!
{
	archiveVersion = 1;
	classes = {
	};
	objectVersion = 56;
	objects = {

/* Begin PBXBuildFile section */
		77FBFB9E2B6F834400F83EC7 /* AppDelegate.swift in Sources */ = {isa = PBXBuildFile; fileRef = 77FBFB9D2B6F834400F83EC7 /* AppDelegate.swift */; };
		77FBFBA02B6F834400F83EC7 /* SceneDelegate.swift in Sources */ = {isa = PBXBuildFile; fileRef = 77FBFB9F2B6F834400F83EC7 /* SceneDelegate.swift */; };
		77FBFBA22B6F834400F83EC7 /* ViewController.swift in Sources */ = {isa = PBXBuildFile; fileRef = 77FBFBA12B6F834400F83EC7 /* ViewController.swift */; };
		77FBFBA72B6F834600F83EC7 /* Assets.xcassets in Resources */ = {isa = PBXBuildFile; fileRef = 77FBFBA62B6F834600F83EC7 /* Assets.xcassets */; };
		77FBFBAA2B6F834600F83EC7 /* LaunchScreen.storyboard in Resources */ = {isa = PBXBuildFile; fileRef = 77FBFBA82B6F834600F83EC7 /* LaunchScreen.storyboard */; };
		77FBFBD52B6F888900F83EC7 /* Extension+UIColor.swift in Sources */ = {isa = PBXBuildFile; fileRef = 77FBFBD42B6F888900F83EC7 /* Extension+UIColor.swift */; };
		77FBFBD92B6F88CB00F83EC7 /* SnapKit in Frameworks */ = {isa = PBXBuildFile; productRef = 77FBFBD82B6F88CB00F83EC7 /* SnapKit */; };
		77FBFBDB2B6F88CB00F83EC7 /* SnapKit-Dynamic in Frameworks */ = {isa = PBXBuildFile; productRef = 77FBFBDA2B6F88CB00F83EC7 /* SnapKit-Dynamic */; };
		77FBFBDE2B6F890000F83EC7 /* Kingfisher in Frameworks */ = {isa = PBXBuildFile; productRef = 77FBFBDD2B6F890000F83EC7 /* Kingfisher */; };
		77FBFBE12B6F89A500F83EC7 /* CombineMoya in Frameworks */ = {isa = PBXBuildFile; productRef = 77FBFBE02B6F89A500F83EC7 /* CombineMoya */; };
		77FBFBE32B6F89A500F83EC7 /* Moya in Frameworks */ = {isa = PBXBuildFile; productRef = 77FBFBE22B6F89A500F83EC7 /* Moya */; };
		77FBFBE52B6F89A500F83EC7 /* ReactiveMoya in Frameworks */ = {isa = PBXBuildFile; productRef = 77FBFBE42B6F89A500F83EC7 /* ReactiveMoya */; };
		77FBFBE72B6F89A500F83EC7 /* RxMoya in Frameworks */ = {isa = PBXBuildFile; productRef = 77FBFBE62B6F89A500F83EC7 /* RxMoya */; };
		77FBFBEA2B6F8A4600F83EC7 /* NetworkService.swift in Sources */ = {isa = PBXBuildFile; fileRef = 77FBFBE92B6F8A4600F83EC7 /* NetworkService.swift */; };
		77FBFBEF2B6F8AB000F83EC7 /* InjectionDefaultContainer.swift in Sources */ = {isa = PBXBuildFile; fileRef = 77FBFBEE2B6F8AB000F83EC7 /* InjectionDefaultContainer.swift */; };
		77FBFBF22B6F8ADC00F83EC7 /* Factory in Frameworks */ = {isa = PBXBuildFile; productRef = 77FBFBF12B6F8ADC00F83EC7 /* Factory */; };
		77FBFBF52B6F8B7E00F83EC7 /* BaseCoordinator.swift in Sources */ = {isa = PBXBuildFile; fileRef = 77FBFBF42B6F8B7E00F83EC7 /* BaseCoordinator.swift */; };
/* End PBXBuildFile section */

/* Begin PBXFileReference section */
		77FBFB9A2B6F834400F83EC7 /* iOS_client_NeoCafe_.app */ = {isa = PBXFileReference; explicitFileType = wrapper.application; includeInIndex = 0; path = iOS_client_NeoCafe_.app; sourceTree = BUILT_PRODUCTS_DIR; };
		77FBFB9D2B6F834400F83EC7 /* AppDelegate.swift */ = {isa = PBXFileReference; lastKnownFileType = sourcecode.swift; path = AppDelegate.swift; sourceTree = "<group>"; };
		77FBFB9F2B6F834400F83EC7 /* SceneDelegate.swift */ = {isa = PBXFileReference; lastKnownFileType = sourcecode.swift; path = SceneDelegate.swift; sourceTree = "<group>"; };
		77FBFBA12B6F834400F83EC7 /* ViewController.swift */ = {isa = PBXFileReference; lastKnownFileType = sourcecode.swift; path = ViewController.swift; sourceTree = "<group>"; };
		77FBFBA62B6F834600F83EC7 /* Assets.xcassets */ = {isa = PBXFileReference; lastKnownFileType = folder.assetcatalog; path = Assets.xcassets; sourceTree = "<group>"; };
		77FBFBA92B6F834600F83EC7 /* Base */ = {isa = PBXFileReference; lastKnownFileType = file.storyboard; name = Base; path = Base.lproj/LaunchScreen.storyboard; sourceTree = "<group>"; };
		77FBFBAB2B6F834600F83EC7 /* Info.plist */ = {isa = PBXFileReference; lastKnownFileType = text.plist.xml; path = Info.plist; sourceTree = "<group>"; };
		77FBFBD42B6F888900F83EC7 /* Extension+UIColor.swift */ = {isa = PBXFileReference; lastKnownFileType = sourcecode.swift; path = "Extension+UIColor.swift"; sourceTree = "<group>"; };
		77FBFBE92B6F8A4600F83EC7 /* NetworkService.swift */ = {isa = PBXFileReference; lastKnownFileType = sourcecode.swift; path = NetworkService.swift; sourceTree = "<group>"; };
		77FBFBEE2B6F8AB000F83EC7 /* InjectionDefaultContainer.swift */ = {isa = PBXFileReference; lastKnownFileType = sourcecode.swift; path = InjectionDefaultContainer.swift; sourceTree = "<group>"; };
		77FBFBF42B6F8B7E00F83EC7 /* BaseCoordinator.swift */ = {isa = PBXFileReference; lastKnownFileType = sourcecode.swift; path = BaseCoordinator.swift; sourceTree = "<group>"; };
/* End PBXFileReference section */

/* Begin PBXFrameworksBuildPhase section */
		77FBFB972B6F834400F83EC7 /* Frameworks */ = {
			isa = PBXFrameworksBuildPhase;
			buildActionMask = 2147483647;
			files = (
				77FBFBDE2B6F890000F83EC7 /* Kingfisher in Frameworks */,
				77FBFBD92B6F88CB00F83EC7 /* SnapKit in Frameworks */,
				77FBFBE12B6F89A500F83EC7 /* CombineMoya in Frameworks */,
				77FBFBE32B6F89A500F83EC7 /* Moya in Frameworks */,
				77FBFBE72B6F89A500F83EC7 /* RxMoya in Frameworks */,
				77FBFBDB2B6F88CB00F83EC7 /* SnapKit-Dynamic in Frameworks */,
				77FBFBE52B6F89A500F83EC7 /* ReactiveMoya in Frameworks */,
				77FBFBF22B6F8ADC00F83EC7 /* Factory in Frameworks */,
			);
			runOnlyForDeploymentPostprocessing = 0;
		};
/* End PBXFrameworksBuildPhase section */

/* Begin PBXGroup section */
		77FBFB912B6F834400F83EC7 = {
			isa = PBXGroup;
			children = (
				77FBFB9C2B6F834400F83EC7 /* iOS_client_NeoCafe_ */,
				77FBFB9B2B6F834400F83EC7 /* Products */,
			);
			sourceTree = "<group>";
		};
		77FBFB9B2B6F834400F83EC7 /* Products */ = {
			isa = PBXGroup;
			children = (
				77FBFB9A2B6F834400F83EC7 /* iOS_client_NeoCafe_.app */,
			);
			name = Products;
			sourceTree = "<group>";
		};
		77FBFB9C2B6F834400F83EC7 /* iOS_client_NeoCafe_ */ = {
			isa = PBXGroup;
			children = (
				77FBFBD32B6F884100F83EC7 /* Extension */,
				77FBFBD22B6F883100F83EC7 /* Core */,
				77FBFBD12B6F882600F83EC7 /* Supporting */,
				77FBFBAB2B6F834600F83EC7 /* Info.plist */,
			);
			path = iOS_client_NeoCafe_;
			sourceTree = "<group>";
		};
		77FBFBD12B6F882600F83EC7 /* Supporting */ = {
			isa = PBXGroup;
			children = (
				77FBFB9D2B6F834400F83EC7 /* AppDelegate.swift */,
				77FBFB9F2B6F834400F83EC7 /* SceneDelegate.swift */,
				77FBFBA62B6F834600F83EC7 /* Assets.xcassets */,
				77FBFBA82B6F834600F83EC7 /* LaunchScreen.storyboard */,
			);
			path = Supporting;
			sourceTree = "<group>";
		};
		77FBFBD22B6F883100F83EC7 /* Core */ = {
			isa = PBXGroup;
			children = (
				77FBFBF32B6F8B4900F83EC7 /* Coordinator */,
				77FBFBED2B6F8A9900F83EC7 /* DI */,
				77FBFBE82B6F8A3200F83EC7 /* NetworkService */,
				77FBFBD62B6F889B00F83EC7 /* Authentication */,
			);
			path = Core;
			sourceTree = "<group>";
		};
		77FBFBD32B6F884100F83EC7 /* Extension */ = {
			isa = PBXGroup;
			children = (
				77FBFBD42B6F888900F83EC7 /* Extension+UIColor.swift */,
			);
			path = Extension;
			sourceTree = "<group>";
		};
		77FBFBD62B6F889B00F83EC7 /* Authentication */ = {
			isa = PBXGroup;
			children = (
				77FBFBA12B6F834400F83EC7 /* ViewController.swift */,
			);
			path = Authentication;
			sourceTree = "<group>";
		};
		77FBFBE82B6F8A3200F83EC7 /* NetworkService */ = {
			isa = PBXGroup;
			children = (
				77FBFBE92B6F8A4600F83EC7 /* NetworkService.swift */,
				77FBFBEC2B6F8A7100F83EC7 /* Models */,
				77FBFBEB2B6F8A6900F83EC7 /* APIs */,
			);
			path = NetworkService;
			sourceTree = "<group>";
		};
		77FBFBEB2B6F8A6900F83EC7 /* APIs */ = {
			isa = PBXGroup;
			children = (
			);
			path = APIs;
			sourceTree = "<group>";
		};
		77FBFBEC2B6F8A7100F83EC7 /* Models */ = {
			isa = PBXGroup;
			children = (
			);
			path = Models;
			sourceTree = "<group>";
		};
		77FBFBED2B6F8A9900F83EC7 /* DI */ = {
			isa = PBXGroup;
			children = (
				77FBFBEE2B6F8AB000F83EC7 /* InjectionDefaultContainer.swift */,
			);
			path = DI;
			sourceTree = "<group>";
		};
		77FBFBF32B6F8B4900F83EC7 /* Coordinator */ = {
			isa = PBXGroup;
			children = (
				77FBFBF42B6F8B7E00F83EC7 /* BaseCoordinator.swift */,
			);
			path = Coordinator;
			sourceTree = "<group>";
		};
/* End PBXGroup section */

/* Begin PBXNativeTarget section */
		77FBFB992B6F834400F83EC7 /* iOS_client_NeoCafe_ */ = {
			isa = PBXNativeTarget;
			buildConfigurationList = 77FBFBAE2B6F834600F83EC7 /* Build configuration list for PBXNativeTarget "iOS_client_NeoCafe_" */;
			buildPhases = (
				77FBFB962B6F834400F83EC7 /* Sources */,
				77FBFB972B6F834400F83EC7 /* Frameworks */,
				77FBFB982B6F834400F83EC7 /* Resources */,
			);
			buildRules = (
			);
			dependencies = (
			);
			name = iOS_client_NeoCafe_;
			packageProductDependencies = (
				77FBFBD82B6F88CB00F83EC7 /* SnapKit */,
				77FBFBDA2B6F88CB00F83EC7 /* SnapKit-Dynamic */,
				77FBFBDD2B6F890000F83EC7 /* Kingfisher */,
				77FBFBE02B6F89A500F83EC7 /* CombineMoya */,
				77FBFBE22B6F89A500F83EC7 /* Moya */,
				77FBFBE42B6F89A500F83EC7 /* ReactiveMoya */,
				77FBFBE62B6F89A500F83EC7 /* RxMoya */,
				77FBFBF12B6F8ADC00F83EC7 /* Factory */,
			);
			productName = iOS_client_NeoCafe_;
			productReference = 77FBFB9A2B6F834400F83EC7 /* iOS_client_NeoCafe_.app */;
			productType = "com.apple.product-type.application";
		};
/* End PBXNativeTarget section */

/* Begin PBXProject section */
		77FBFB922B6F834400F83EC7 /* Project object */ = {
			isa = PBXProject;
			attributes = {
				BuildIndependentTargetsInParallel = 1;
				LastSwiftUpdateCheck = 1500;
				LastUpgradeCheck = 1500;
				TargetAttributes = {
					77FBFB992B6F834400F83EC7 = {
						CreatedOnToolsVersion = 15.0;
					};
				};
			};
			buildConfigurationList = 77FBFB952B6F834400F83EC7 /* Build configuration list for PBXProject "iOS_client_NeoCafe_" */;
			compatibilityVersion = "Xcode 14.0";
			developmentRegion = en;
			hasScannedForEncodings = 0;
			knownRegions = (
				en,
				Base,
			);
			mainGroup = 77FBFB912B6F834400F83EC7;
			packageReferences = (
				77FBFBD72B6F88CB00F83EC7 /* XCRemoteSwiftPackageReference "SnapKit" */,
				77FBFBDC2B6F890000F83EC7 /* XCRemoteSwiftPackageReference "Kingfisher" */,
				77FBFBDF2B6F89A500F83EC7 /* XCRemoteSwiftPackageReference "Moya" */,
				77FBFBF02B6F8ADC00F83EC7 /* XCRemoteSwiftPackageReference "Factory" */,
			);
			productRefGroup = 77FBFB9B2B6F834400F83EC7 /* Products */;
			projectDirPath = "";
			projectRoot = "";
			targets = (
				77FBFB992B6F834400F83EC7 /* iOS_client_NeoCafe_ */,
			);
		};
/* End PBXProject section */

/* Begin PBXResourcesBuildPhase section */
		77FBFB982B6F834400F83EC7 /* Resources */ = {
			isa = PBXResourcesBuildPhase;
			buildActionMask = 2147483647;
			files = (
				77FBFBAA2B6F834600F83EC7 /* LaunchScreen.storyboard in Resources */,
				77FBFBA72B6F834600F83EC7 /* Assets.xcassets in Resources */,
			);
			runOnlyForDeploymentPostprocessing = 0;
		};
/* End PBXResourcesBuildPhase section */

/* Begin PBXSourcesBuildPhase section */
		77FBFB962B6F834400F83EC7 /* Sources */ = {
			isa = PBXSourcesBuildPhase;
			buildActionMask = 2147483647;
			files = (
				77FBFBEA2B6F8A4600F83EC7 /* NetworkService.swift in Sources */,
				77FBFBEF2B6F8AB000F83EC7 /* InjectionDefaultContainer.swift in Sources */,
				77FBFBA22B6F834400F83EC7 /* ViewController.swift in Sources */,
				77FBFB9E2B6F834400F83EC7 /* AppDelegate.swift in Sources */,
				77FBFBF52B6F8B7E00F83EC7 /* BaseCoordinator.swift in Sources */,
				77FBFBA02B6F834400F83EC7 /* SceneDelegate.swift in Sources */,
				77FBFBD52B6F888900F83EC7 /* Extension+UIColor.swift in Sources */,
			);
			runOnlyForDeploymentPostprocessing = 0;
		};
/* End PBXSourcesBuildPhase section */

/* Begin PBXVariantGroup section */
		77FBFBA82B6F834600F83EC7 /* LaunchScreen.storyboard */ = {
			isa = PBXVariantGroup;
			children = (
				77FBFBA92B6F834600F83EC7 /* Base */,
			);
			name = LaunchScreen.storyboard;
			sourceTree = "<group>";
		};
/* End PBXVariantGroup section */

/* Begin XCBuildConfiguration section */
		77FBFBAC2B6F834600F83EC7 /* Debug */ = {
			isa = XCBuildConfiguration;
			buildSettings = {
				ALWAYS_SEARCH_USER_PATHS = NO;
				ASSETCATALOG_COMPILER_GENERATE_SWIFT_ASSET_SYMBOL_EXTENSIONS = YES;
				CLANG_ANALYZER_NONNULL = YES;
				CLANG_ANALYZER_NUMBER_OBJECT_CONVERSION = YES_AGGRESSIVE;
				CLANG_CXX_LANGUAGE_STANDARD = "gnu++20";
				CLANG_ENABLE_MODULES = YES;
				CLANG_ENABLE_OBJC_ARC = YES;
				CLANG_ENABLE_OBJC_WEAK = YES;
				CLANG_WARN_BLOCK_CAPTURE_AUTORELEASING = YES;
				CLANG_WARN_BOOL_CONVERSION = YES;
				CLANG_WARN_COMMA = YES;
				CLANG_WARN_CONSTANT_CONVERSION = YES;
				CLANG_WARN_DEPRECATED_OBJC_IMPLEMENTATIONS = YES;
				CLANG_WARN_DIRECT_OBJC_ISA_USAGE = YES_ERROR;
				CLANG_WARN_DOCUMENTATION_COMMENTS = YES;
				CLANG_WARN_EMPTY_BODY = YES;
				CLANG_WARN_ENUM_CONVERSION = YES;
				CLANG_WARN_INFINITE_RECURSION = YES;
				CLANG_WARN_INT_CONVERSION = YES;
				CLANG_WARN_NON_LITERAL_NULL_CONVERSION = YES;
				CLANG_WARN_OBJC_IMPLICIT_RETAIN_SELF = YES;
				CLANG_WARN_OBJC_LITERAL_CONVERSION = YES;
				CLANG_WARN_OBJC_ROOT_CLASS = YES_ERROR;
				CLANG_WARN_QUOTED_INCLUDE_IN_FRAMEWORK_HEADER = YES;
				CLANG_WARN_RANGE_LOOP_ANALYSIS = YES;
				CLANG_WARN_STRICT_PROTOTYPES = YES;
				CLANG_WARN_SUSPICIOUS_MOVE = YES;
				CLANG_WARN_UNGUARDED_AVAILABILITY = YES_AGGRESSIVE;
				CLANG_WARN_UNREACHABLE_CODE = YES;
				CLANG_WARN__DUPLICATE_METHOD_MATCH = YES;
				COPY_PHASE_STRIP = NO;
				DEBUG_INFORMATION_FORMAT = dwarf;
				ENABLE_STRICT_OBJC_MSGSEND = YES;
				ENABLE_TESTABILITY = YES;
				ENABLE_USER_SCRIPT_SANDBOXING = YES;
				GCC_C_LANGUAGE_STANDARD = gnu17;
				GCC_DYNAMIC_NO_PIC = NO;
				GCC_NO_COMMON_BLOCKS = YES;
				GCC_OPTIMIZATION_LEVEL = 0;
				GCC_PREPROCESSOR_DEFINITIONS = (
					"DEBUG=1",
					"$(inherited)",
				);
				GCC_WARN_64_TO_32_BIT_CONVERSION = YES;
				GCC_WARN_ABOUT_RETURN_TYPE = YES_ERROR;
				GCC_WARN_UNDECLARED_SELECTOR = YES;
				GCC_WARN_UNINITIALIZED_AUTOS = YES_AGGRESSIVE;
				GCC_WARN_UNUSED_FUNCTION = YES;
				GCC_WARN_UNUSED_VARIABLE = YES;
				IPHONEOS_DEPLOYMENT_TARGET = 17.0;
				LOCALIZATION_PREFERS_STRING_CATALOGS = YES;
				MTL_ENABLE_DEBUG_INFO = INCLUDE_SOURCE;
				MTL_FAST_MATH = YES;
				ONLY_ACTIVE_ARCH = YES;
				SDKROOT = iphoneos;
				SWIFT_ACTIVE_COMPILATION_CONDITIONS = "DEBUG $(inherited)";
				SWIFT_OPTIMIZATION_LEVEL = "-Onone";
			};
			name = Debug;
		};
		77FBFBAD2B6F834600F83EC7 /* Release */ = {
			isa = XCBuildConfiguration;
			buildSettings = {
				ALWAYS_SEARCH_USER_PATHS = NO;
				ASSETCATALOG_COMPILER_GENERATE_SWIFT_ASSET_SYMBOL_EXTENSIONS = YES;
				CLANG_ANALYZER_NONNULL = YES;
				CLANG_ANALYZER_NUMBER_OBJECT_CONVERSION = YES_AGGRESSIVE;
				CLANG_CXX_LANGUAGE_STANDARD = "gnu++20";
				CLANG_ENABLE_MODULES = YES;
				CLANG_ENABLE_OBJC_ARC = YES;
				CLANG_ENABLE_OBJC_WEAK = YES;
				CLANG_WARN_BLOCK_CAPTURE_AUTORELEASING = YES;
				CLANG_WARN_BOOL_CONVERSION = YES;
				CLANG_WARN_COMMA = YES;
				CLANG_WARN_CONSTANT_CONVERSION = YES;
				CLANG_WARN_DEPRECATED_OBJC_IMPLEMENTATIONS = YES;
				CLANG_WARN_DIRECT_OBJC_ISA_USAGE = YES_ERROR;
				CLANG_WARN_DOCUMENTATION_COMMENTS = YES;
				CLANG_WARN_EMPTY_BODY = YES;
				CLANG_WARN_ENUM_CONVERSION = YES;
				CLANG_WARN_INFINITE_RECURSION = YES;
				CLANG_WARN_INT_CONVERSION = YES;
				CLANG_WARN_NON_LITERAL_NULL_CONVERSION = YES;
				CLANG_WARN_OBJC_IMPLICIT_RETAIN_SELF = YES;
				CLANG_WARN_OBJC_LITERAL_CONVERSION = YES;
				CLANG_WARN_OBJC_ROOT_CLASS = YES_ERROR;
				CLANG_WARN_QUOTED_INCLUDE_IN_FRAMEWORK_HEADER = YES;
				CLANG_WARN_RANGE_LOOP_ANALYSIS = YES;
				CLANG_WARN_STRICT_PROTOTYPES = YES;
				CLANG_WARN_SUSPICIOUS_MOVE = YES;
				CLANG_WARN_UNGUARDED_AVAILABILITY = YES_AGGRESSIVE;
				CLANG_WARN_UNREACHABLE_CODE = YES;
				CLANG_WARN__DUPLICATE_METHOD_MATCH = YES;
				COPY_PHASE_STRIP = NO;
				DEBUG_INFORMATION_FORMAT = "dwarf-with-dsym";
				ENABLE_NS_ASSERTIONS = NO;
				ENABLE_STRICT_OBJC_MSGSEND = YES;
				ENABLE_USER_SCRIPT_SANDBOXING = YES;
				GCC_C_LANGUAGE_STANDARD = gnu17;
				GCC_NO_COMMON_BLOCKS = YES;
				GCC_WARN_64_TO_32_BIT_CONVERSION = YES;
				GCC_WARN_ABOUT_RETURN_TYPE = YES_ERROR;
				GCC_WARN_UNDECLARED_SELECTOR = YES;
				GCC_WARN_UNINITIALIZED_AUTOS = YES_AGGRESSIVE;
				GCC_WARN_UNUSED_FUNCTION = YES;
				GCC_WARN_UNUSED_VARIABLE = YES;
				IPHONEOS_DEPLOYMENT_TARGET = 17.0;
				LOCALIZATION_PREFERS_STRING_CATALOGS = YES;
				MTL_ENABLE_DEBUG_INFO = NO;
				MTL_FAST_MATH = YES;
				SDKROOT = iphoneos;
				SWIFT_COMPILATION_MODE = wholemodule;
				VALIDATE_PRODUCT = YES;
			};
			name = Release;
		};
		77FBFBAF2B6F834600F83EC7 /* Debug */ = {
			isa = XCBuildConfiguration;
			buildSettings = {
				ASSETCATALOG_COMPILER_APPICON_NAME = AppIcon;
				ASSETCATALOG_COMPILER_GLOBAL_ACCENT_COLOR_NAME = AccentColor;
				CODE_SIGN_STYLE = Automatic;
				CURRENT_PROJECT_VERSION = 1;
				DEVELOPMENT_TEAM = RPXJGA4ZYB;
				GENERATE_INFOPLIST_FILE = YES;
				INFOPLIST_FILE = iOS_client_NeoCafe_/Info.plist;
				INFOPLIST_KEY_UIApplicationSupportsIndirectInputEvents = YES;
				INFOPLIST_KEY_UILaunchStoryboardName = LaunchScreen;
				INFOPLIST_KEY_UISupportedInterfaceOrientations_iPad = "UIInterfaceOrientationPortrait UIInterfaceOrientationPortraitUpsideDown UIInterfaceOrientationLandscapeLeft UIInterfaceOrientationLandscapeRight";
				INFOPLIST_KEY_UISupportedInterfaceOrientations_iPhone = "UIInterfaceOrientationPortrait UIInterfaceOrientationLandscapeLeft UIInterfaceOrientationLandscapeRight";
				LD_RUNPATH_SEARCH_PATHS = (
					"$(inherited)",
					"@executable_path/Frameworks",
				);
				MARKETING_VERSION = 1.0;
				PRODUCT_BUNDLE_IDENTIFIER = "com.alikhan.iOS-client-NeoCafe-";
				PRODUCT_NAME = "$(TARGET_NAME)";
				SWIFT_EMIT_LOC_STRINGS = YES;
				SWIFT_VERSION = 5.0;
				TARGETED_DEVICE_FAMILY = "1,2";
			};
			name = Debug;
		};
		77FBFBB02B6F834600F83EC7 /* Release */ = {
			isa = XCBuildConfiguration;
			buildSettings = {
				ASSETCATALOG_COMPILER_APPICON_NAME = AppIcon;
				ASSETCATALOG_COMPILER_GLOBAL_ACCENT_COLOR_NAME = AccentColor;
				CODE_SIGN_STYLE = Automatic;
				CURRENT_PROJECT_VERSION = 1;
				DEVELOPMENT_TEAM = RPXJGA4ZYB;
				GENERATE_INFOPLIST_FILE = YES;
				INFOPLIST_FILE = iOS_client_NeoCafe_/Info.plist;
				INFOPLIST_KEY_UIApplicationSupportsIndirectInputEvents = YES;
				INFOPLIST_KEY_UILaunchStoryboardName = LaunchScreen;
				INFOPLIST_KEY_UISupportedInterfaceOrientations_iPad = "UIInterfaceOrientationPortrait UIInterfaceOrientationPortraitUpsideDown UIInterfaceOrientationLandscapeLeft UIInterfaceOrientationLandscapeRight";
				INFOPLIST_KEY_UISupportedInterfaceOrientations_iPhone = "UIInterfaceOrientationPortrait UIInterfaceOrientationLandscapeLeft UIInterfaceOrientationLandscapeRight";
				LD_RUNPATH_SEARCH_PATHS = (
					"$(inherited)",
					"@executable_path/Frameworks",
				);
				MARKETING_VERSION = 1.0;
				PRODUCT_BUNDLE_IDENTIFIER = "com.alikhan.iOS-client-NeoCafe-";
				PRODUCT_NAME = "$(TARGET_NAME)";
				SWIFT_EMIT_LOC_STRINGS = YES;
				SWIFT_VERSION = 5.0;
				TARGETED_DEVICE_FAMILY = "1,2";
			};
			name = Release;
		};
/* End XCBuildConfiguration section */

/* Begin XCConfigurationList section */
		77FBFB952B6F834400F83EC7 /* Build configuration list for PBXProject "iOS_client_NeoCafe_" */ = {
			isa = XCConfigurationList;
			buildConfigurations = (
				77FBFBAC2B6F834600F83EC7 /* Debug */,
				77FBFBAD2B6F834600F83EC7 /* Release */,
			);
			defaultConfigurationIsVisible = 0;
			defaultConfigurationName = Release;
		};
		77FBFBAE2B6F834600F83EC7 /* Build configuration list for PBXNativeTarget "iOS_client_NeoCafe_" */ = {
			isa = XCConfigurationList;
			buildConfigurations = (
				77FBFBAF2B6F834600F83EC7 /* Debug */,
				77FBFBB02B6F834600F83EC7 /* Release */,
			);
			defaultConfigurationIsVisible = 0;
			defaultConfigurationName = Release;
		};
/* End XCConfigurationList section */

/* Begin XCRemoteSwiftPackageReference section */
		77FBFBD72B6F88CB00F83EC7 /* XCRemoteSwiftPackageReference "SnapKit" */ = {
			isa = XCRemoteSwiftPackageReference;
			repositoryURL = "https://github.com/SnapKit/SnapKit.git";
			requirement = {
				kind = upToNextMajorVersion;
				minimumVersion = 5.7.0;
			};
		};
		77FBFBDC2B6F890000F83EC7 /* XCRemoteSwiftPackageReference "Kingfisher" */ = {
			isa = XCRemoteSwiftPackageReference;
			repositoryURL = "https://github.com/onevcat/Kingfisher.git";
			requirement = {
				kind = upToNextMajorVersion;
				minimumVersion = 7.10.2;
			};
		};
		77FBFBDF2B6F89A500F83EC7 /* XCRemoteSwiftPackageReference "Moya" */ = {
			isa = XCRemoteSwiftPackageReference;
			repositoryURL = "https://github.com/Moya/Moya.git";
			requirement = {
				kind = upToNextMajorVersion;
				minimumVersion = 15.0.3;
			};
		};
		77FBFBF02B6F8ADC00F83EC7 /* XCRemoteSwiftPackageReference "Factory" */ = {
			isa = XCRemoteSwiftPackageReference;
			repositoryURL = "https://github.com/hmlongco/Factory.git";
			requirement = {
				kind = upToNextMajorVersion;
				minimumVersion = 2.3.1;
			};
		};
/* End XCRemoteSwiftPackageReference section */

/* Begin XCSwiftPackageProductDependency section */
		77FBFBD82B6F88CB00F83EC7 /* SnapKit */ = {
			isa = XCSwiftPackageProductDependency;
			package = 77FBFBD72B6F88CB00F83EC7 /* XCRemoteSwiftPackageReference "SnapKit" */;
			productName = SnapKit;
		};
		77FBFBDA2B6F88CB00F83EC7 /* SnapKit-Dynamic */ = {
			isa = XCSwiftPackageProductDependency;
			package = 77FBFBD72B6F88CB00F83EC7 /* XCRemoteSwiftPackageReference "SnapKit" */;
			productName = "SnapKit-Dynamic";
		};
		77FBFBDD2B6F890000F83EC7 /* Kingfisher */ = {
			isa = XCSwiftPackageProductDependency;
			package = 77FBFBDC2B6F890000F83EC7 /* XCRemoteSwiftPackageReference "Kingfisher" */;
			productName = Kingfisher;
		};
		77FBFBE02B6F89A500F83EC7 /* CombineMoya */ = {
			isa = XCSwiftPackageProductDependency;
			package = 77FBFBDF2B6F89A500F83EC7 /* XCRemoteSwiftPackageReference "Moya" */;
			productName = CombineMoya;
		};
		77FBFBE22B6F89A500F83EC7 /* Moya */ = {
			isa = XCSwiftPackageProductDependency;
			package = 77FBFBDF2B6F89A500F83EC7 /* XCRemoteSwiftPackageReference "Moya" */;
			productName = Moya;
		};
		77FBFBE42B6F89A500F83EC7 /* ReactiveMoya */ = {
			isa = XCSwiftPackageProductDependency;
			package = 77FBFBDF2B6F89A500F83EC7 /* XCRemoteSwiftPackageReference "Moya" */;
			productName = ReactiveMoya;
		};
		77FBFBE62B6F89A500F83EC7 /* RxMoya */ = {
			isa = XCSwiftPackageProductDependency;
			package = 77FBFBDF2B6F89A500F83EC7 /* XCRemoteSwiftPackageReference "Moya" */;
			productName = RxMoya;
		};
		77FBFBF12B6F8ADC00F83EC7 /* Factory */ = {
			isa = XCSwiftPackageProductDependency;
			package = 77FBFBF02B6F8ADC00F83EC7 /* XCRemoteSwiftPackageReference "Factory" */;
			productName = Factory;
		};
/* End XCSwiftPackageProductDependency section */
	};
	rootObject = 77FBFB922B6F834400F83EC7 /* Project object */;
}
