PODS:
  - SwiftGen (6.6.2)
  - SwiftLint (0.54.0)

DEPENDENCIES:
  - SwiftGen
  - SwiftLint

SPEC REPOS:
  trunk:
    - SwiftGen
    - SwiftLint

SPEC CHECKSUMS:
  SwiftGen: 1366a7f71aeef49954ca5a63ba4bef6b0f24138c
  SwiftLint: c1de071d9d08c8aba837545f6254315bc900e211

PODFILE CHECKSUM: 353b4cbaa2547d3affeb853da04e6ab868ce9419

COCOAPODS: 1.13.0
